{
  "lockfile_version": "1",
  "packages": {
    "github:NixOS/nixpkgs/nixpkgs-unstable": {
      "resolved": "github:NixOS/nixpkgs/3a05eebede89661660945da1f151959900903b6a?lastModified=1740547748&narHash=sha256-Ly2fBL1LscV%2BKyCqPRufUBuiw%2BzmWrlJzpWOWbahplg%3D"
    },
    "nodePackages.cdktf-cli@latest": {
      "last_modified": "2025-02-26T05:29:08Z",
      "resolved": "github:NixOS/nixpkgs/3a05eebede89661660945da1f151959900903b6a#nodePackages.cdktf-cli",
      "source": "devbox-search",
      "version": "0.20.11",
      "systems": {
        "aarch64-darwin": {
          "outputs": [
            {
              "name": "out",
              "path": "/nix/store/4m3yyawwrs2as6jqd6xmcwhq4vp8qhhk-cdktf-cli-0.20.11",
              "default": true
            }
          ],
          "store_path": "/nix/store/4m3yyawwrs2as6jqd6xmcwhq4vp8qhhk-cdktf-cli-0.20.11"
        },
        "aarch64-linux": {
          "outputs": [
            {
              "name": "out",
              "path": "/nix/store/zgwmb421p3lsqlnqn2yabgy9pyg13c88-cdktf-cli-0.20.11",
              "default": true
            }
          ],
          "store_path": "/nix/store/zgwmb421p3lsqlnqn2yabgy9pyg13c88-cdktf-cli-0.20.11"
        },
        "x86_64-darwin": {
          "outputs": [
            {
              "name": "out",
              "path": "/nix/store/qp108gg457sgg9frcmhdm9wmsbjr3p1y-cdktf-cli-0.20.11",
              "default": true
            }
          ],
          "store_path": "/nix/store/qp108gg457sgg9frcmhdm9wmsbjr3p1y-cdktf-cli-0.20.11"
        },
        "x86_64-linux": {
          "outputs": [
            {
              "name": "out",
              "path": "/nix/store/wpqfym9jn31yvsdw9rvw8fb41skaq7bm-cdktf-cli-0.20.11",
              "default": true
            }
          ],
          "store_path": "/nix/store/wpqfym9jn31yvsdw9rvw8fb41skaq7bm-cdktf-cli-0.20.11"
        }
      }
    },
    "nodejs@23.8.0": {
      "last_modified": "2025-02-17T23:19:04Z",
      "plugin_version": "0.0.2",
      "resolved": "github:NixOS/nixpkgs/f0295845e58ada369322524631821b01c0db13a7#nodejs_23",
      "source": "devbox-search",
      "version": "23.8.0",
      "systems": {
        "aarch64-darwin": {
          "outputs": [
            {
              "name": "out",
              "path": "/nix/store/2rbdsqx3nzl62hi8r2yza5mp6bs4mlj2-nodejs-23.8.0",
              "default": true
            },
            {
              "name": "libv8",
              "path": "/nix/store/7misjcd7cc6qvavg1g5rfck6pvv87rq6-nodejs-23.8.0-libv8"
            }
          ],
          "store_path": "/nix/store/2rbdsqx3nzl62hi8r2yza5mp6bs4mlj2-nodejs-23.8.0"
        },
        "aarch64-linux": {
          "outputs": [
            {
              "name": "out",
              "path": "/nix/store/9fzsniy3lcf4xcgfaa30hj5n9ircaxk4-nodejs-23.8.0",
              "default": true
            },
            {
              "name": "libv8",
              "path": "/nix/store/prd4n7bgjcivwh2bai3vs4f4hx2wy2jq-nodejs-23.8.0-libv8"
            }
          ],
          "store_path": "/nix/store/9fzsniy3lcf4xcgfaa30hj5n9ircaxk4-nodejs-23.8.0"
        },
        "x86_64-darwin": {
          "outputs": [
            {
              "name": "out",
              "path": "/nix/store/vwnziyakgm9axpjargc1xa4hy8pkr7xf-nodejs-23.8.0",
              "default": true
            },
            {
              "name": "libv8",
              "path": "/nix/store/0ydk6jz58ibzx22kg7pw200fck5fxssa-nodejs-23.8.0-libv8"
            }
          ],
          "store_path": "/nix/store/vwnziyakgm9axpjargc1xa4hy8pkr7xf-nodejs-23.8.0"
        },
        "x86_64-linux": {
          "outputs": [
            {
              "name": "out",
              "path": "/nix/store/mvbq39c4j35zy67ylksw1v9kih5ly38i-nodejs-23.8.0",
              "default": true
            },
            {
              "name": "libv8",
              "path": "/nix/store/bmzyr8nnz9khyj75g51camm201br48bx-nodejs-23.8.0-libv8"
            }
          ],
          "store_path": "/nix/store/mvbq39c4j35zy67ylksw1v9kih5ly38i-nodejs-23.8.0"
        }
      }
    }
  }
}
